
Microsoft Visual Studio Solution File, Format Version 12.00
# Visual Studio Version 17
VisualStudioVersion = 17.6.33829.357
MinimumVisualStudioVersion = 10.0.40219.1
Project("{FAE04EC0-301F-11D3-BF4B-00C04F79EFBC}") = "GardenTurfing", "GardenTurfing\GardenTurfing.csproj", "{0514C715-D906-4AE6-AF81-3040BCCF4261}"
EndProject
Global
	GlobalSection(SolutionConfigurationPlatforms) = preSolution
		Debug|Any CPU = Debug|Any CPU
		Release|Any CPU = Release|Any CPU
	EndGlobalSection
	GlobalSection(ProjectConfigurationPlatforms) = postSolution
		{0514C715-D906-4AE6-AF81-3040BCCF4261}.Debug|Any CPU.ActiveCfg = Debug|Any CPU
		{0514C715-D906-4AE6-AF81-3040BCCF4261}.Debug|Any CPU.Build.0 = Debug|Any CPU
		{0514C715-D906-4AE6-AF81-3040BCCF4261}.Release|Any CPU.ActiveCfg = Release|Any CPU
		{0514C715-D906-4AE6-AF81-3040BCCF4261}.Release|Any CPU.Build.0 = Release|Any CPU
	EndGlobalSection
	GlobalSection(SolutionProperties) = preSolution
		HideSolutionNode = FALSE
	EndGlobalSection
	GlobalSection(ExtensibilityGlobals) = postSolution
		SolutionGuid = {2F04B6F6-03FC-48A3-9F44-BD9C68433754}
	EndGlobalSection
EndGlobal
